// !$*UTF8*$!
{
	archiveVersion = 1;
	classes = {
	};
	objectVersion = 50;
	objects = {

/* Begin PBXBuildFile section */
		702333D92650F1E2008D0405 /* AppDelegate.swift in Sources */ = {isa = PBXBuildFile; fileRef = 702333D82650F1E2008D0405 /* AppDelegate.swift */; };
		702333DB2650F1E2008D0405 /* SceneDelegate.swift in Sources */ = {isa = PBXBuildFile; fileRef = 702333DA2650F1E2008D0405 /* SceneDelegate.swift */; };
		702333DE2650F1E2008D0405 /* swiftui_login.xcdatamodeld in Sources */ = {isa = PBXBuildFile; fileRef = 702333DC2650F1E2008D0405 /* swiftui_login.xcdatamodeld */; };
		702333E02650F1E2008D0405 /* ContentView.swift in Sources */ = {isa = PBXBuildFile; fileRef = 702333DF2650F1E2008D0405 /* ContentView.swift */; };
		702333E22650F1E5008D0405 /* Assets.xcassets in Resources */ = {isa = PBXBuildFile; fileRef = 702333E12650F1E5008D0405 /* Assets.xcassets */; };
		702333E52650F1E5008D0405 /* Preview Assets.xcassets in Resources */ = {isa = PBXBuildFile; fileRef = 702333E42650F1E5008D0405 /* Preview Assets.xcassets */; };
		702333E82650F1E5008D0405 /* LaunchScreen.storyboard in Resources */ = {isa = PBXBuildFile; fileRef = 702333E62650F1E5008D0405 /* LaunchScreen.storyboard */; };
/* End PBXBuildFile section */

/* Begin PBXFileReference section */
		702333D52650F1E2008D0405 /* swiftui_login.app */ = {isa = PBXFileReference; explicitFileType = wrapper.application; includeInIndex = 0; path = swiftui_login.app; sourceTree = BUILT_PRODUCTS_DIR; };
		702333D82650F1E2008D0405 /* AppDelegate.swift */ = {isa = PBXFileReference; lastKnownFileType = sourcecode.swift; path = AppDelegate.swift; sourceTree = "<group>"; };
		702333DA2650F1E2008D0405 /* SceneDelegate.swift */ = {isa = PBXFileReference; lastKnownFileType = sourcecode.swift; path = SceneDelegate.swift; sourceTree = "<group>"; };
		702333DD2650F1E2008D0405 /* swiftui_login.xcdatamodel */ = {isa = PBXFileReference; lastKnownFileType = wrapper.xcdatamodel; path = swiftui_login.xcdatamodel; sourceTree = "<group>"; };
		702333DF2650F1E2008D0405 /* ContentView.swift */ = {isa = PBXFileReference; lastKnownFileType = sourcecode.swift; path = ContentView.swift; sourceTree = "<group>"; };
		702333E12650F1E5008D0405 /* Assets.xcassets */ = {isa = PBXFileReference; lastKnownFileType = folder.assetcatalog; path = Assets.xcassets; sourceTree = "<group>"; };
		702333E42650F1E5008D0405 /* Preview Assets.xcassets */ = {isa = PBXFileReference; lastKnownFileType = folder.assetcatalog; path = "Preview Assets.xcassets"; sourceTree = "<group>"; };
		702333E72650F1E5008D0405 /* Base */ = {isa = PBXFileReference; lastKnownFileType = file.storyboard; name = Base; path = Base.lproj/LaunchScreen.storyboard; sourceTree = "<group>"; };
		702333E92650F1E5008D0405 /* Info.plist */ = {isa = PBXFileReference; lastKnownFileType = text.plist.xml; path = Info.plist; sourceTree = "<group>"; };
/* End PBXFileReference section */

/* Begin PBXFrameworksBuildPhase section */
		702333D22650F1E2008D0405 /* Frameworks */ = {
			isa = PBXFrameworksBuildPhase;
			buildActionMask = 2147483647;
			files = (
			);
			runOnlyForDeploymentPostprocessing = 0;
		};
/* End PBXFrameworksBuildPhase section */

/* Begin PBXGroup section */
		702333CC2650F1E2008D0405 = {
			isa = PBXGroup;
			children = (
				702333D72650F1E2008D0405 /* swiftui_login */,
				702333D62650F1E2008D0405 /* Products */,
			);
			sourceTree = "<group>";
		};
		702333D62650F1E2008D0405 /* Products */ = {
			isa = PBXGroup;
			children = (
				702333D52650F1E2008D0405 /* swiftui_login.app */,
			);
			name = Products;
			sourceTree = "<group>";
		};
		702333D72650F1E2008D0405 /* swiftui_login */ = {
			isa = PBXGroup;
			children = (
				702333D82650F1E2008D0405 /* AppDelegate.swift */,
				702333DA2650F1E2008D0405 /* SceneDelegate.swift */,
				702333DF2650F1E2008D0405 /* ContentView.swift */,
				702333E12650F1E5008D0405 /* Assets.xcassets */,
				702333E62650F1E5008D0405 /* LaunchScreen.storyboard */,
				702333E92650F1E5008D0405 /* Info.plist */,
				702333DC2650F1E2008D0405 /* swiftui_login.xcdatamodeld */,
				702333E32650F1E5008D0405 /* Preview Content */,
			);
			path = swiftui_login;
			sourceTree = "<group>";
		};
		702333E32650F1E5008D0405 /* Preview Content */ = {
			isa = PBXGroup;
			children = (
				702333E42650F1E5008D0405 /* Preview Assets.xcassets */,
			);
			path = "Preview Content";
			sourceTree = "<group>";
		};
/* End PBXGroup section */

/* Begin PBXNativeTarget section */
		702333D42650F1E2008D0405 /* swiftui_login */ = {
			isa = PBXNativeTarget;
			buildConfigurationList = 702333EC2650F1E5008D0405 /* Build configuration list for PBXNativeTarget "swiftui_login" */;
			buildPhases = (
				702333D12650F1E2008D0405 /* Sources */,
				702333D22650F1E2008D0405 /* Frameworks */,
				702333D32650F1E2008D0405 /* Resources */,
			);
			buildRules = (
			);
			dependencies = (
			);
			name = swiftui_login;
			productName = swiftui_login;
			productReference = 702333D52650F1E2008D0405 /* swiftui_login.app */;
			productType = "com.apple.product-type.application";
		};
/* End PBXNativeTarget section */

/* Begin PBXProject section */
		702333CD2650F1E2008D0405 /* Project object */ = {
			isa = PBXProject;
			attributes = {
				LastSwiftUpdateCheck = 1150;
				LastUpgradeCheck = 1150;
				ORGANIZATIONNAME = "Yusuke Miyata";
				TargetAttributes = {
					702333D42650F1E2008D0405 = {
						CreatedOnToolsVersion = 11.5;
					};
				};
			};
			buildConfigurationList = 702333D02650F1E2008D0405 /* Build configuration list for PBXProject "swiftui_login" */;
			compatibilityVersion = "Xcode 9.3";
			developmentRegion = en;
			hasScannedForEncodings = 0;
			knownRegions = (
				en,
				Base,
			);
			mainGroup = 702333CC2650F1E2008D0405;
			productRefGroup = 702333D62650F1E2008D0405 /* Products */;
			projectDirPath = "";
			projectRoot = "";
			targets = (
				702333D42650F1E2008D0405 /* swiftui_login */,
			);
		};
/* End PBXProject section */

/* Begin PBXResourcesBuildPhase section */
		702333D32650F1E2008D0405 /* Resources */ = {
			isa = PBXResourcesBuildPhase;
			buildActionMask = 2147483647;
			files = (
				702333E82650F1E5008D0405 /* LaunchScreen.storyboard in Resources */,
				702333E52650F1E5008D0405 /* Preview Assets.xcassets in Resources */,
				702333E22650F1E5008D0405 /* Assets.xcassets in Resources */,
			);
			runOnlyForDeploymentPostprocessing = 0;
		};
/* End PBXResourcesBuildPhase section */

/* Begin PBXSourcesBuildPhase section */
		702333D12650F1E2008D0405 /* Sources */ = {
			isa = PBXSourcesBuildPhase;
			buildActionMask = 2147483647;
			files = (
				702333D92650F1E2008D0405 /* AppDelegate.swift in Sources */,
				702333DE2650F1E2008D0405 /* swiftui_login.xcdatamodeld in Sources */,
				702333E02650F1E2008D0405 /* ContentView.swift in Sources */,
				702333DB2650F1E2008D0405 /* SceneDelegate.swift in Sources */,
			);
			runOnlyForDeploymentPostprocessing = 0;
		};
/* End PBXSourcesBuildPhase section */

/* Begin PBXVariantGroup section */
		702333E62650F1E5008D0405 /* LaunchScreen.storyboard */ = {
			isa = PBXVariantGroup;
			children = (
				702333E72650F1E5008D0405 /* Base */,
			);
			name = LaunchScreen.storyboard;
			sourceTree = "<group>";
		};
/* End PBXVariantGroup section */

/* Begin XCBuildConfiguration section */
		702333EA2650F1E5008D0405 /* Debug */ = {
			isa = XCBuildConfiguration;
			buildSettings = {
				ALWAYS_SEARCH_USER_PATHS = NO;
				CLANG_ANALYZER_NONNULL = YES;
				CLANG_ANALYZER_NUMBER_OBJECT_CONVERSION = YES_AGGRESSIVE;
				CLANG_CXX_LANGUAGE_STANDARD = "gnu++14";
				CLANG_CXX_LIBRARY = "libc++";
				CLANG_ENABLE_MODULES = YES;
				CLANG_ENABLE_OBJC_ARC = YES;
				CLANG_ENABLE_OBJC_WEAK = YES;
				CLANG_WARN_BLOCK_CAPTURE_AUTORELEASING = YES;
				CLANG_WARN_BOOL_CONVERSION = YES;
				CLANG_WARN_COMMA = YES;
				CLANG_WARN_CONSTANT_CONVERSION = YES;
				CLANG_WARN_DEPRECATED_OBJC_IMPLEMENTATIONS = YES;
				CLANG_WARN_DIRECT_OBJC_ISA_USAGE = YES_ERROR;
				CLANG_WARN_DOCUMENTATION_COMMENTS = YES;
				CLANG_WARN_EMPTY_BODY = YES;
				CLANG_WARN_ENUM_CONVERSION = YES;
				CLANG_WARN_INFINITE_RECURSION = YES;
				CLANG_WARN_INT_CONVERSION = YES;
				CLANG_WARN_NON_LITERAL_NULL_CONVERSION = YES;
				CLANG_WARN_OBJC_IMPLICIT_RETAIN_SELF = YES;
				CLANG_WARN_OBJC_LITERAL_CONVERSION = YES;
				CLANG_WARN_OBJC_ROOT_CLASS = YES_ERROR;
				CLANG_WARN_RANGE_LOOP_ANALYSIS = YES;
				CLANG_WARN_STRICT_PROTOTYPES = YES;
				CLANG_WARN_SUSPICIOUS_MOVE = YES;
				CLANG_WARN_UNGUARDED_AVAILABILITY = YES_AGGRESSIVE;
				CLANG_WARN_UNREACHABLE_CODE = YES;
				CLANG_WARN__DUPLICATE_METHOD_MATCH = YES;
				COPY_PHASE_STRIP = NO;
				DEBUG_INFORMATION_FORMAT = dwarf;
				ENABLE_STRICT_OBJC_MSGSEND = YES;
				ENABLE_TESTABILITY = YES;
				GCC_C_LANGUAGE_STANDARD = gnu11;
				GCC_DYNAMIC_NO_PIC = NO;
				GCC_NO_COMMON_BLOCKS = YES;
				GCC_OPTIMIZATION_LEVEL = 0;
				GCC_PREPROCESSOR_DEFINITIONS = (
					"DEBUG=1",
					"$(inherited)",
				);
				GCC_WARN_64_TO_32_BIT_CONVERSION = YES;
				GCC_WARN_ABOUT_RETURN_TYPE = YES_ERROR;
				GCC_WARN_UNDECLARED_SELECTOR = YES;
				GCC_WARN_UNINITIALIZED_AUTOS = YES_AGGRESSIVE;
				GCC_WARN_UNUSED_FUNCTION = YES;
				GCC_WARN_UNUSED_VARIABLE = YES;
				IPHONEOS_DEPLOYMENT_TARGET = 13.5;
				MTL_ENABLE_DEBUG_INFO = INCLUDE_SOURCE;
				MTL_FAST_MATH = YES;
				ONLY_ACTIVE_ARCH = YES;
				SDKROOT = iphoneos;
				SWIFT_ACTIVE_COMPILATION_CONDITIONS = DEBUG;
				SWIFT_OPTIMIZATION_LEVEL = "-Onone";
			};
			name = Debug;
		};
		702333EB2650F1E5008D0405 /* Release */ = {
			isa = XCBuildConfiguration;
			buildSettings = {
				ALWAYS_SEARCH_USER_PATHS = NO;
				CLANG_ANALYZER_NONNULL = YES;
				CLANG_ANALYZER_NUMBER_OBJECT_CONVERSION = YES_AGGRESSIVE;
				CLANG_CXX_LANGUAGE_STANDARD = "gnu++14";
				CLANG_CXX_LIBRARY = "libc++";
				CLANG_ENABLE_MODULES = YES;
				CLANG_ENABLE_OBJC_ARC = YES;
				CLANG_ENABLE_OBJC_WEAK = YES;
				CLANG_WARN_BLOCK_CAPTURE_AUTORELEASING = YES;
				CLANG_WARN_BOOL_CONVERSION = YES;
				CLANG_WARN_COMMA = YES;
				CLANG_WARN_CONSTANT_CONVERSION = YES;
				CLANG_WARN_DEPRECATED_OBJC_IMPLEMENTATIONS = YES;
				CLANG_WARN_DIRECT_OBJC_ISA_USAGE = YES_ERROR;
				CLANG_WARN_DOCUMENTATION_COMMENTS = YES;
				CLANG_WARN_EMPTY_BODY = YES;
				CLANG_WARN_ENUM_CONVERSION = YES;
				CLANG_WARN_INFINITE_RECURSION = YES;
				CLANG_WARN_INT_CONVERSION = YES;
				CLANG_WARN_NON_LITERAL_NULL_CONVERSION = YES;
				CLANG_WARN_OBJC_IMPLICIT_RETAIN_SELF = YES;
				CLANG_WARN_OBJC_LITERAL_CONVERSION = YES;
				CLANG_WARN_OBJC_ROOT_CLASS = YES_ERROR;
				CLANG_WARN_RANGE_LOOP_ANALYSIS = YES;
				CLANG_WARN_STRICT_PROTOTYPES = YES;
				CLANG_WARN_SUSPICIOUS_MOVE = YES;
				CLANG_WARN_UNGUARDED_AVAILABILITY = YES_AGGRESSIVE;
				CLANG_WARN_UNREACHABLE_CODE = YES;
				CLANG_WARN__DUPLICATE_METHOD_MATCH = YES;
				COPY_PHASE_STRIP = NO;
				DEBUG_INFORMATION_FORMAT = "dwarf-with-dsym";
				ENABLE_NS_ASSERTIONS = NO;
				ENABLE_STRICT_OBJC_MSGSEND = YES;
				GCC_C_LANGUAGE_STANDARD = gnu11;
				GCC_NO_COMMON_BLOCKS = YES;
				GCC_WARN_64_TO_32_BIT_CONVERSION = YES;
				GCC_WARN_ABOUT_RETURN_TYPE = YES_ERROR;
				GCC_WARN_UNDECLARED_SELECTOR = YES;
				GCC_WARN_UNINITIALIZED_AUTOS = YES_AGGRESSIVE;
				GCC_WARN_UNUSED_FUNCTION = YES;
				GCC_WARN_UNUSED_VARIABLE = YES;
				IPHONEOS_DEPLOYMENT_TARGET = 13.5;
				MTL_ENABLE_DEBUG_INFO = NO;
				MTL_FAST_MATH = YES;
				SDKROOT = iphoneos;
				SWIFT_COMPILATION_MODE = wholemodule;
				SWIFT_OPTIMIZATION_LEVEL = "-O";
				VALIDATE_PRODUCT = YES;
			};
			name = Release;
		};
		702333ED2650F1E5008D0405 /* Debug */ = {
			isa = XCBuildConfiguration;
			buildSettings = {
				ASSETCATALOG_COMPILER_APPICON_NAME = AppIcon;
				CODE_SIGN_STYLE = Automatic;
				DEVELOPMENT_ASSET_PATHS = "\"swiftui_login/Preview Content\"";
				DEVELOPMENT_TEAM = 4QA8P2NACJ;
				ENABLE_PREVIEWS = YES;
				INFOPLIST_FILE = swiftui_login/Info.plist;
				LD_RUNPATH_SEARCH_PATHS = (
					"$(inherited)",
					"@executable_path/Frameworks",
				);
				PRODUCT_BUNDLE_IDENTIFIER = "Yusuke-Miyata.swiftui-login";
				PRODUCT_NAME = "$(TARGET_NAME)";
				SWIFT_VERSION = 5.0;
				TARGETED_DEVICE_FAMILY = "1,2";
			};
			name = Debug;
		};
		702333EE2650F1E5008D0405 /* Release */ = {
			isa = XCBuildConfiguration;
			buildSettings = {
				ASSETCATALOG_COMPILER_APPICON_NAME = AppIcon;
				CODE_SIGN_STYLE = Automatic;
				DEVELOPMENT_ASSET_PATHS = "\"swiftui_login/Preview Content\"";
				DEVELOPMENT_TEAM = 4QA8P2NACJ;
				ENABLE_PREVIEWS = YES;
				INFOPLIST_FILE = swiftui_login/Info.plist;
				LD_RUNPATH_SEARCH_PATHS = (
					"$(inherited)",
					"@executable_path/Frameworks",
				);
				PRODUCT_BUNDLE_IDENTIFIER = "Yusuke-Miyata.swiftui-login";
				PRODUCT_NAME = "$(TARGET_NAME)";
				SWIFT_VERSION = 5.0;
				TARGETED_DEVICE_FAMILY = "1,2";
			};
			name = Release;
		};
/* End XCBuildConfiguration section */

/* Begin XCConfigurationList section */
		702333D02650F1E2008D0405 /* Build configuration list for PBXProject "swiftui_login" */ = {
			isa = XCConfigurationList;
			buildConfigurations = (
				702333EA2650F1E5008D0405 /* Debug */,
				702333EB2650F1E5008D0405 /* Release */,
			);
			defaultConfigurationIsVisible = 0;
			defaultConfigurationName = Release;
		};
		702333EC2650F1E5008D0405 /* Build configuration list for PBXNativeTarget "swiftui_login" */ = {
			isa = XCConfigurationList;
			buildConfigurations = (
				702333ED2650F1E5008D0405 /* Debug */,
				702333EE2650F1E5008D0405 /* Release */,
			);
			defaultConfigurationIsVisible = 0;
			defaultConfigurationName = Release;
		};
/* End XCConfigurationList section */

/* Begin XCVersionGroup section */
		702333DC2650F1E2008D0405 /* swiftui_login.xcdatamodeld */ = {
			isa = XCVersionGroup;
			children = (
				702333DD2650F1E2008D0405 /* swiftui_login.xcdatamodel */,
			);
			currentVersion = 702333DD2650F1E2008D0405 /* swiftui_login.xcdatamodel */;
			path = swiftui_login.xcdatamodeld;
			sourceTree = "<group>";
			versionGroupType = wrapper.xcdatamodel;
		};
/* End XCVersionGroup section */
	};
	rootObject = 702333CD2650F1E2008D0405 /* Project object */;
}
